
Microsoft Visual Studio Solution File, Format Version 12.00
# Visual Studio Version 17
VisualStudioVersion = 17.4.33213.308
MinimumVisualStudioVersion = 10.0.40219.1
Project("{FAE04EC0-301F-11D3-BF4B-00C04F79EFBC}") = "MagiConvert", "MagiConvert\MagiConvert.csproj", "{5770B3FA-62D5-4DCF-BE46-56C733248C44}"
EndProject
Project("{FAE04EC0-301F-11D3-BF4B-00C04F79EFBC}") = "ConvertEngine", "ConvertEngine\ConvertEngine.csproj", "{A824D01B-AD34-4698-BFD3-A85B880D6D41}"
EndProject
Global
	GlobalSection(SolutionConfigurationPlatforms) = preSolution
		Debug|Any CPU = Debug|Any CPU
		Release|Any CPU = Release|Any CPU
	EndGlobalSection
	GlobalSection(ProjectConfigurationPlatforms) = postSolution
		{5770B3FA-62D5-4DCF-BE46-56C733248C44}.Debug|Any CPU.ActiveCfg = Debug|Any CPU
		{5770B3FA-62D5-4DCF-BE46-56C733248C44}.Debug|Any CPU.Build.0 = Debug|Any CPU
		{5770B3FA-62D5-4DCF-BE46-56C733248C44}.Release|Any CPU.ActiveCfg = Release|Any CPU
		{5770B3FA-62D5-4DCF-BE46-56C733248C44}.Release|Any CPU.Build.0 = Release|Any CPU
		{A824D01B-AD34-4698-BFD3-A85B880D6D41}.Debug|Any CPU.ActiveCfg = Debug|Any CPU
		{A824D01B-AD34-4698-BFD3-A85B880D6D41}.Debug|Any CPU.Build.0 = Debug|Any CPU
		{A824D01B-AD34-4698-BFD3-A85B880D6D41}.Release|Any CPU.ActiveCfg = Release|Any CPU
		{A824D01B-AD34-4698-BFD3-A85B880D6D41}.Release|Any CPU.Build.0 = Release|Any CPU
	EndGlobalSection
	GlobalSection(SolutionProperties) = preSolution
		HideSolutionNode = FALSE
	EndGlobalSection
	GlobalSection(ExtensibilityGlobals) = postSolution
		SolutionGuid = {1C498833-15FF-4905-9478-793E2D2F15DE}
	EndGlobalSection
EndGlobal
